
Microsoft Visual Studio Solution File, Format Version 12.00
# Visual Studio Version 17
VisualStudioVersion = 17.6.33712.159
MinimumVisualStudioVersion = 10.0.40219.1
Project("{FAE04EC0-301F-11D3-BF4B-00C04F79EFBC}") = "MeuSiteEmMVC", "MeuSiteEmMVC\MeuSiteEmMVC.csproj", "{56AB3353-F765-4E9B-9EE2-50969C0BB1D2}"
EndProject
Global
	GlobalSection(SolutionConfigurationPlatforms) = preSolution
		Debug|Any CPU = Debug|Any CPU
		Release|Any CPU = Release|Any CPU
	EndGlobalSection
	GlobalSection(ProjectConfigurationPlatforms) = postSolution
		{56AB3353-F765-4E9B-9EE2-50969C0BB1D2}.Debug|Any CPU.ActiveCfg = Debug|Any CPU
		{56AB3353-F765-4E9B-9EE2-50969C0BB1D2}.Debug|Any CPU.Build.0 = Debug|Any CPU
		{56AB3353-F765-4E9B-9EE2-50969C0BB1D2}.Release|Any CPU.ActiveCfg = Release|Any CPU
		{56AB3353-F765-4E9B-9EE2-50969C0BB1D2}.Release|Any CPU.Build.0 = Release|Any CPU
	EndGlobalSection
	GlobalSection(SolutionProperties) = preSolution
		HideSolutionNode = FALSE
	EndGlobalSection
	GlobalSection(ExtensibilityGlobals) = postSolution
		SolutionGuid = {543F641A-A803-4C11-B84B-0ABC43A08CBE}
	EndGlobalSection
EndGlobal
